{
  "version": "5",
  "remote": {
    "https://esm.sh/@supabase/supabase-js@2.58.0": "7dabd2478b8ee4e38a36544ae38af5f437d745f55bc52d6cb0841e57b21c32a4"
  },
  "workspace": {
    "packageJson": {
      "dependencies": [
        "npm:@supabase/supabase-js@^2.110.7",
        "npm:@tailwindcss/postcss@4",
        "npm:@types/node@20",
        "npm:@types/react-dom@19",
        "npm:@types/react@19",
        "npm:class-variance-authority@~0.7.1",
        "npm:clsx@^2.1.1",
        "npm:eslint-config-next@16.2.10",
        "npm:eslint@9",
        "npm:lucide-react@^1.25.0",
        "npm:next@16.2.10",
        "npm:react-dom@19.2.4",
        "npm:react@19.2.4",
        "npm:tailwind-merge@^3.6.0",
        "npm:tailwindcss@4",
        "npm:typescript@5"
      ]
    }
  }
}
